// !$*UTF8*$!
{
	archiveVersion = 1;
	classes = {
	};
	objectVersion = 46;
	objects = {

/* Begin PBXBuildFile section */
		0B03E0801817FA3300EBF10D /* Port.m in Sources */ = {isa = PBXBuildFile; fileRef = 0B03E07F1817FA3300EBF10D /* Port.m */; };
		0B03E0831817FA9000EBF10D /* ThiefNode.m in Sources */ = {isa = PBXBuildFile; fileRef = 0B03E0821817FA9000EBF10D /* ThiefNode.m */; };
		0BE9470D1816B52300379436 /* EdgeNode.m in Sources */ = {isa = PBXBuildFile; fileRef = 0BE9470A1816B52300379436 /* EdgeNode.m */; };
		0BE9470E1816B52300379436 /* VertexNode.m in Sources */ = {isa = PBXBuildFile; fileRef = 0BE9470C1816B52300379436 /* VertexNode.m */; };
		812ACCB41823D723007C848E /* PortResourceTrader.m in Sources */ = {isa = PBXBuildFile; fileRef = 812ACCB31823D723007C848E /* PortResourceTrader.m */; };
		813A9B761827F07B00A110E3 /* backgroundmusic.mp3 in Resources */ = {isa = PBXBuildFile; fileRef = 813A9B751827F07B00A110E3 /* backgroundmusic.mp3 */; };
		813A9B781827F53A00A110E3 /* opening.mp3 in Resources */ = {isa = PBXBuildFile; fileRef = 813A9B771827F53A00A110E3 /* opening.mp3 */; };
		8159F071182115FD00D1570B /* PortTrader.m in Sources */ = {isa = PBXBuildFile; fileRef = 8159F070182115FD00D1570B /* PortTrader.m */; };
		8193EBF5183286AC0086B992 /* ManaSphereAtlas.m in Sources */ = {isa = PBXBuildFile; fileRef = 8193EBF4183286AC0086B992 /* ManaSphereAtlas.m */; };
		8193EBF7183287640086B992 /* Sphere.atlas in Resources */ = {isa = PBXBuildFile; fileRef = 8193EBF6183287640086B992 /* Sphere.atlas */; };
		81A73C9B182C111800C4514F /* ShowOfferScreen.m in Sources */ = {isa = PBXBuildFile; fileRef = 81A73C9A182C111800C4514F /* ShowOfferScreen.m */; };
		81AA90A1182BE59E00033B30 /* PlayerTrader.m in Sources */ = {isa = PBXBuildFile; fileRef = 81AA90A0182BE59E00033B30 /* PlayerTrader.m */; };
		81AB1815183B9E9F00A0B596 /* crystal.png in Resources */ = {isa = PBXBuildFile; fileRef = 81AB1814183B9E9F00A0B596 /* crystal.png */; };
		81AB1817183BB80500A0B596 /* mine.png in Resources */ = {isa = PBXBuildFile; fileRef = 81AB1816183BB80500A0B596 /* mine.png */; };
		81AB1819183BBB3700A0B596 /* bg_bank.png in Resources */ = {isa = PBXBuildFile; fileRef = 81AB1818183BBB3700A0B596 /* bg_bank.png */; };
		81AB181C1844B49500A0B596 /* ToastText.m in Sources */ = {isa = PBXBuildFile; fileRef = 81AB181B1844B49500A0B596 /* ToastText.m */; };
		81AD40F51832A5A400921747 /* logo (1).png in Resources */ = {isa = PBXBuildFile; fileRef = 81AD40F41832A5A400921747 /* logo (1).png */; };
		81E352DB18168FAA00FD7323 /* HexagonNode.m in Sources */ = {isa = PBXBuildFile; fileRef = 81E352DA18168FAA00FD7323 /* HexagonNode.m */; };
		81E352DE1816A3CD00FD7323 /* Table.m in Sources */ = {isa = PBXBuildFile; fileRef = 81E352DD1816A3CD00FD7323 /* Table.m */; };
		81E352E718184D1700FD7323 /* Player.m in Sources */ = {isa = PBXBuildFile; fileRef = 81E352E618184D1700FD7323 /* Player.m */; };
		81E352EA181976B000FD7323 /* Game.m in Sources */ = {isa = PBXBuildFile; fileRef = 81E352E9181976B000FD7323 /* Game.m */; };
		81F1289B181AA06E0002832D /* 1.png in Resources */ = {isa = PBXBuildFile; fileRef = 81F12895181AA06E0002832D /* 1.png */; };
		81F1289C181AA06E0002832D /* 6.png in Resources */ = {isa = PBXBuildFile; fileRef = 81F12896181AA06E0002832D /* 6.png */; };
		81F1289E181AA06E0002832D /* 5.png in Resources */ = {isa = PBXBuildFile; fileRef = 81F12898181AA06E0002832D /* 5.png */; };
		81F1289F181AA06E0002832D /* 3.png in Resources */ = {isa = PBXBuildFile; fileRef = 81F12899181AA06E0002832D /* 3.png */; };
		81F128A4181AA2B90002832D /* edge.png in Resources */ = {isa = PBXBuildFile; fileRef = 81F128A3181AA2B90002832D /* edge.png */; };
		81F128A8181AC9680002832D /* Flag.png in Resources */ = {isa = PBXBuildFile; fileRef = 81F128A5181AC9680002832D /* Flag.png */; };
		81F128A9181AC9680002832D /* city.png in Resources */ = {isa = PBXBuildFile; fileRef = 81F128A6181AC9680002832D /* city.png */; };
		81F128AA181AC9680002832D /* villageHouse.png in Resources */ = {isa = PBXBuildFile; fileRef = 81F128A7181AC9680002832D /* villageHouse.png */; };
		81F128AC181ACAFC0002832D /* vertex2.png in Resources */ = {isa = PBXBuildFile; fileRef = 81F128AB181ACAFC0002832D /* vertex2.png */; };
		8312076D182FEA8B00C95EED /* ManaLinkAtlas.m in Sources */ = {isa = PBXBuildFile; fileRef = 8312076C182FEA8B00C95EED /* ManaLinkAtlas.m */; };
		832A1585181CB56200B6FB77 /* BankTrader.m in Sources */ = {isa = PBXBuildFile; fileRef = 832A1584181CB56200B6FB77 /* BankTrader.m */; };
		83522B27182909DE0009C4D7 /* yourturnwarning.mp3 in Resources */ = {isa = PBXBuildFile; fileRef = 83522B26182909DE0009C4D7 /* yourturnwarning.mp3 */; };
		83599845182441BF0030CDBB /* thief.png in Resources */ = {isa = PBXBuildFile; fileRef = 83599844182441BF0030CDBB /* thief.png */; };
		8359984A1825D35D0030CDBB /* HelpScreen.m in Sources */ = {isa = PBXBuildFile; fileRef = 835998491825D35D0030CDBB /* HelpScreen.m */; };
		8366361A182ED58500AA4531 /* 2.png in Resources */ = {isa = PBXBuildFile; fileRef = 83663618182ED58500AA4531 /* 2.png */; };
		8366361B182ED58500AA4531 /* 4.png in Resources */ = {isa = PBXBuildFile; fileRef = 83663619182ED58500AA4531 /* 4.png */; };
		8366367D182ED83100AA4531 /* ManaCrystalAtlas.m in Sources */ = {isa = PBXBuildFile; fileRef = 8366367C182ED83100AA4531 /* ManaCrystalAtlas.m */; };
		83663681182EE3C000AA4531 /* Crystal.atlas in Resources */ = {isa = PBXBuildFile; fileRef = 83663680182EE3C000AA4531 /* Crystal.atlas */; };
		83663683182EE3E800AA4531 /* Link.atlas in Resources */ = {isa = PBXBuildFile; fileRef = 83663682182EE3E800AA4531 /* Link.atlas */; };
		83CF9EDE182750FE00B1803D /* Help.png in Resources */ = {isa = PBXBuildFile; fileRef = 83CF9EDD182750FE00B1803D /* Help.png */; };
		83CF9EE01827530800B1803D /* helpicon.png in Resources */ = {isa = PBXBuildFile; fileRef = 83CF9EDF1827530800B1803D /* helpicon.png */; };
		83CF9EE2182755B400B1803D /* cityH.png in Resources */ = {isa = PBXBuildFile; fileRef = 83CF9EE1182755B400B1803D /* cityH.png */; };
		83CF9EE4182755C200B1803D /* villageHouseH.png in Resources */ = {isa = PBXBuildFile; fileRef = 83CF9EE3182755C200B1803D /* villageHouseH.png */; };
		83CF9EEB1827DA8000B1803D /* buildingsound.mp3 in Resources */ = {isa = PBXBuildFile; fileRef = 83CF9EEA1827DA8000B1803D /* buildingsound.mp3 */; };
		98B4D24F180EFB7900537145 /* Foundation.framework in Frameworks */ = {isa = PBXBuildFile; fileRef = 98B4D24E180EFB7900537145 /* Foundation.framework */; };
		98B4D251180EFB7900537145 /* CoreGraphics.framework in Frameworks */ = {isa = PBXBuildFile; fileRef = 98B4D250180EFB7900537145 /* CoreGraphics.framework */; };
		98B4D253180EFB7900537145 /* UIKit.framework in Frameworks */ = {isa = PBXBuildFile; fileRef = 98B4D252180EFB7900537145 /* UIKit.framework */; };
		98B4D255180EFB7900537145 /* SpriteKit.framework in Frameworks */ = {isa = PBXBuildFile; fileRef = 98B4D254180EFB7900537145 /* SpriteKit.framework */; };
		98B4D25B180EFB7900537145 /* InfoPlist.strings in Resources */ = {isa = PBXBuildFile; fileRef = 98B4D259180EFB7900537145 /* InfoPlist.strings */; };
		98B4D25D180EFB7900537145 /* main.m in Sources */ = {isa = PBXBuildFile; fileRef = 98B4D25C180EFB7900537145 /* main.m */; };
		98B4D261180EFB7900537145 /* AppDelegate.m in Sources */ = {isa = PBXBuildFile; fileRef = 98B4D260180EFB7900537145 /* AppDelegate.m */; };
		98B4D264180EFB7900537145 /* Main.storyboard in Resources */ = {isa = PBXBuildFile; fileRef = 98B4D262180EFB7900537145 /* Main.storyboard */; };
		98B4D267180EFB7900537145 /* ViewController.m in Sources */ = {isa = PBXBuildFile; fileRef = 98B4D266180EFB7900537145 /* ViewController.m */; };
		98B4D26A180EFB7900537145 /* MyScene.m in Sources */ = {isa = PBXBuildFile; fileRef = 98B4D269180EFB7900537145 /* MyScene.m */; };
		98B4D26E180EFB7900537145 /* Images.xcassets in Resources */ = {isa = PBXBuildFile; fileRef = 98B4D26D180EFB7900537145 /* Images.xcassets */; };
		98B4D275180EFB7A00537145 /* XCTest.framework in Frameworks */ = {isa = PBXBuildFile; fileRef = 98B4D274180EFB7A00537145 /* XCTest.framework */; };
		98B4D276180EFB7A00537145 /* Foundation.framework in Frameworks */ = {isa = PBXBuildFile; fileRef = 98B4D24E180EFB7900537145 /* Foundation.framework */; };
		98B4D277180EFB7A00537145 /* UIKit.framework in Frameworks */ = {isa = PBXBuildFile; fileRef = 98B4D252180EFB7900537145 /* UIKit.framework */; };
		98B4D27F180EFB7A00537145 /* InfoPlist.strings in Resources */ = {isa = PBXBuildFile; fileRef = 98B4D27D180EFB7A00537145 /* InfoPlist.strings */; };
		98B4D281180EFB7A00537145 /* codecanTests.m in Sources */ = {isa = PBXBuildFile; fileRef = 98B4D280180EFB7A00537145 /* codecanTests.m */; };
		98DF30881811B0410092E8A7 /* Plug.m in Sources */ = {isa = PBXBuildFile; fileRef = 98DF30871811B0410092E8A7 /* Plug.m */; };
		98DF308B1811B0D10092E8A7 /* TestViewController.m in Sources */ = {isa = PBXBuildFile; fileRef = 98DF308A1811B0D10092E8A7 /* TestViewController.m */; };
		C4059D5B18212C3A00A4FE37 /* ThiefDiscardScreen.m in Sources */ = {isa = PBXBuildFile; fileRef = C4059D5A18212C3A00A4FE37 /* ThiefDiscardScreen.m */; };
		C4059D5E18216F1F00A4FE37 /* DevelopmentCards.m in Sources */ = {isa = PBXBuildFile; fileRef = C4059D5D18216F1F00A4FE37 /* DevelopmentCards.m */; };
		C4099745181EBBD800E60154 /* arrow.png in Resources */ = {isa = PBXBuildFile; fileRef = C409973F181EBBD800E60154 /* arrow.png */; };
		C4099746181EBBD800E60154 /* brick.png in Resources */ = {isa = PBXBuildFile; fileRef = C4099740181EBBD800E60154 /* brick.png */; };
		C4099747181EBBD800E60154 /* grain.png in Resources */ = {isa = PBXBuildFile; fileRef = C4099741181EBBD800E60154 /* grain.png */; };
		C4099748181EBBD800E60154 /* lumber.png in Resources */ = {isa = PBXBuildFile; fileRef = C4099742181EBBD800E60154 /* lumber.png */; };
		C4099749181EBBD800E60154 /* ore.png in Resources */ = {isa = PBXBuildFile; fileRef = C4099743181EBBD800E60154 /* ore.png */; };
		C409974A181EBBD800E60154 /* wool.png in Resources */ = {isa = PBXBuildFile; fileRef = C4099744181EBBD800E60154 /* wool.png */; };
		C409974D181EBCAE00E60154 /* StartViewController.m in Sources */ = {isa = PBXBuildFile; fileRef = C409974C181EBCAE00E60154 /* StartViewController.m */; };
		C4200BBA183BCB8800D7C4A0 /* splash_screen.png in Resources */ = {isa = PBXBuildFile; fileRef = C4200BB9183BCB8800D7C4A0 /* splash_screen.png */; };
		C49590451823BDC4006F790C /* water.png in Resources */ = {isa = PBXBuildFile; fileRef = C49590441823BDC4006F790C /* water.png */; };
		C49590471823C145006F790C /* botMenu.png in Resources */ = {isa = PBXBuildFile; fileRef = C49590461823C145006F790C /* botMenu.png */; };
		C49590491823C8A3006F790C /* topMenu.png in Resources */ = {isa = PBXBuildFile; fileRef = C49590481823C8A3006F790C /* topMenu.png */; };
		C495904C1823FFCE006F790C /* defeat.png in Resources */ = {isa = PBXBuildFile; fileRef = C495904A1823FFCE006F790C /* defeat.png */; };
		C495904D1823FFCE006F790C /* victory.png in Resources */ = {isa = PBXBuildFile; fileRef = C495904B1823FFCE006F790C /* victory.png */; };
		C4A8D8B41817E2560043AA4B /* FileReader.m in Sources */ = {isa = PBXBuildFile; fileRef = C4A8D8B31817E2560043AA4B /* FileReader.m */; };
		C4A8D8B81817E5C40043AA4B /* hexCSV.csv in Resources */ = {isa = PBXBuildFile; fileRef = C4A8D8B51817E5C40043AA4B /* hexCSV.csv */; };
		C4A8D8B91817E5C40043AA4B /* About-CSV.txt in Resources */ = {isa = PBXBuildFile; fileRef = C4A8D8B61817E5C40043AA4B /* About-CSV.txt */; };
		C4A8D8BA1817E5C40043AA4B /* verticeCSV.csv in Resources */ = {isa = PBXBuildFile; fileRef = C4A8D8B71817E5C40043AA4B /* verticeCSV.csv */; };
/* End PBXBuildFile section */

/* Begin PBXContainerItemProxy section */
		98B4D278180EFB7A00537145 /* PBXContainerItemProxy */ = {
			isa = PBXContainerItemProxy;
			containerPortal = 98B4D243180EFB7900537145 /* Project object */;
			proxyType = 1;
			remoteGlobalIDString = 98B4D24A180EFB7900537145;
			remoteInfo = codecan;
		};
/* End PBXContainerItemProxy section */

/* Begin PBXFileReference section */
		0B03E07E1817FA3300EBF10D /* Port.h */ = {isa = PBXFileReference; fileEncoding = 4; lastKnownFileType = sourcecode.c.h; path = Port.h; sourceTree = "<group>"; };
		0B03E07F1817FA3300EBF10D /* Port.m */ = {isa = PBXFileReference; fileEncoding = 4; lastKnownFileType = sourcecode.c.objc; path = Port.m; sourceTree = "<group>"; };
		0B03E0811817FA9000EBF10D /* ThiefNode.h */ = {isa = PBXFileReference; fileEncoding = 4; lastKnownFileType = sourcecode.c.h; path = ThiefNode.h; sourceTree = "<group>"; };
		0B03E0821817FA9000EBF10D /* ThiefNode.m */ = {isa = PBXFileReference; fileEncoding = 4; lastKnownFileType = sourcecode.c.objc; path = ThiefNode.m; sourceTree = "<group>"; };
		0BE947091816B52300379436 /* EdgeNode.h */ = {isa = PBXFileReference; fileEncoding = 4; lastKnownFileType = sourcecode.c.h; path = EdgeNode.h; sourceTree = "<group>"; };
		0BE9470A1816B52300379436 /* EdgeNode.m */ = {isa = PBXFileReference; fileEncoding = 4; lastKnownFileType = sourcecode.c.objc; path = EdgeNode.m; sourceTree = "<group>"; };
		0BE9470B1816B52300379436 /* VertexNode.h */ = {isa = PBXFileReference; fileEncoding = 4; lastKnownFileType = sourcecode.c.h; path = VertexNode.h; sourceTree = "<group>"; };
		0BE9470C1816B52300379436 /* VertexNode.m */ = {isa = PBXFileReference; fileEncoding = 4; lastKnownFileType = sourcecode.c.objc; path = VertexNode.m; sourceTree = "<group>"; };
		812ACCB21823D723007C848E /* PortResourceTrader.h */ = {isa = PBXFileReference; fileEncoding = 4; lastKnownFileType = sourcecode.c.h; path = PortResourceTrader.h; sourceTree = "<group>"; };
		812ACCB31823D723007C848E /* PortResourceTrader.m */ = {isa = PBXFileReference; fileEncoding = 4; lastKnownFileType = sourcecode.c.objc; path = PortResourceTrader.m; sourceTree = "<group>"; };
		813A9B751827F07B00A110E3 /* backgroundmusic.mp3 */ = {isa = PBXFileReference; lastKnownFileType = audio.mp3; name = backgroundmusic.mp3; path = Soundtrack/backgroundmusic.mp3; sourceTree = "<group>"; };
		813A9B771827F53A00A110E3 /* opening.mp3 */ = {isa = PBXFileReference; lastKnownFileType = audio.mp3; name = opening.mp3; path = Soundtrack/opening.mp3; sourceTree = "<group>"; };
		8159F06F182115FD00D1570B /* PortTrader.h */ = {isa = PBXFileReference; fileEncoding = 4; lastKnownFileType = sourcecode.c.h; path = PortTrader.h; sourceTree = "<group>"; };
		8159F070182115FD00D1570B /* PortTrader.m */ = {isa = PBXFileReference; fileEncoding = 4; lastKnownFileType = sourcecode.c.objc; path = PortTrader.m; sourceTree = "<group>"; };
		8193EBF3183286AC0086B992 /* ManaSphereAtlas.h */ = {isa = PBXFileReference; fileEncoding = 4; lastKnownFileType = sourcecode.c.h; path = ManaSphereAtlas.h; sourceTree = "<group>"; };
		8193EBF4183286AC0086B992 /* ManaSphereAtlas.m */ = {isa = PBXFileReference; fileEncoding = 4; lastKnownFileType = sourcecode.c.objc; path = ManaSphereAtlas.m; sourceTree = "<group>"; };
		8193EBF6183287640086B992 /* Sphere.atlas */ = {isa = PBXFileReference; lastKnownFileType = folder.skatlas; name = Sphere.atlas; path = resourcesPNG/Sphere.atlas; sourceTree = "<group>"; };
		81A73C99182C111800C4514F /* ShowOfferScreen.h */ = {isa = PBXFileReference; fileEncoding = 4; lastKnownFileType = sourcecode.c.h; path = ShowOfferScreen.h; sourceTree = "<group>"; };
		81A73C9A182C111800C4514F /* ShowOfferScreen.m */ = {isa = PBXFileReference; fileEncoding = 4; lastKnownFileType = sourcecode.c.objc; path = ShowOfferScreen.m; sourceTree = "<group>"; };
		81AA909F182BE59E00033B30 /* PlayerTrader.h */ = {isa = PBXFileReference; fileEncoding = 4; lastKnownFileType = sourcecode.c.h; path = PlayerTrader.h; sourceTree = "<group>"; };
		81AA90A0182BE59E00033B30 /* PlayerTrader.m */ = {isa = PBXFileReference; fileEncoding = 4; lastKnownFileType = sourcecode.c.objc; path = PlayerTrader.m; sourceTree = "<group>"; };
		81AB1814183B9E9F00A0B596 /* crystal.png */ = {isa = PBXFileReference; lastKnownFileType = image.png; name = crystal.png; path = Images/crystal.png; sourceTree = "<group>"; };
		81AB1816183BB80500A0B596 /* mine.png */ = {isa = PBXFileReference; lastKnownFileType = image.png; name = mine.png; path = Images/mine.png; sourceTree = "<group>"; };
		81AB1818183BBB3700A0B596 /* bg_bank.png */ = {isa = PBXFileReference; lastKnownFileType = image.png; name = bg_bank.png; path = Images/bg_bank.png; sourceTree = "<group>"; };
		81AB181A1844B49500A0B596 /* ToastText.h */ = {isa = PBXFileReference; fileEncoding = 4; lastKnownFileType = sourcecode.c.h; path = ToastText.h; sourceTree = "<group>"; };
		81AB181B1844B49500A0B596 /* ToastText.m */ = {isa = PBXFileReference; fileEncoding = 4; lastKnownFileType = sourcecode.c.objc; path = ToastText.m; sourceTree = "<group>"; };
		81AD40F41832A5A400921747 /* logo (1).png */ = {isa = PBXFileReference; lastKnownFileType = image.png; path = "logo (1).png"; sourceTree = "<group>"; };
		81E352D918168FAA00FD7323 /* HexagonNode.h */ = {isa = PBXFileReference; fileEncoding = 4; lastKnownFileType = sourcecode.c.h; path = HexagonNode.h; sourceTree = "<group>"; };
		81E352DA18168FAA00FD7323 /* HexagonNode.m */ = {isa = PBXFileReference; fileEncoding = 4; lastKnownFileType = sourcecode.c.objc; path = HexagonNode.m; sourceTree = "<group>"; };
		81E352DC1816A3CD00FD7323 /* Table.h */ = {isa = PBXFileReference; fileEncoding = 4; lastKnownFileType = sourcecode.c.h; path = Table.h; sourceTree = "<group>"; };
		81E352DD1816A3CD00FD7323 /* Table.m */ = {isa = PBXFileReference; fileEncoding = 4; lastKnownFileType = sourcecode.c.objc; path = Table.m; sourceTree = "<group>"; };
		81E352E518184D1700FD7323 /* Player.h */ = {isa = PBXFileReference; fileEncoding = 4; lastKnownFileType = sourcecode.c.h; path = Player.h; sourceTree = "<group>"; };
		81E352E618184D1700FD7323 /* Player.m */ = {isa = PBXFileReference; fileEncoding = 4; lastKnownFileType = sourcecode.c.objc; path = Player.m; sourceTree = "<group>"; };
		81E352E8181976B000FD7323 /* Game.h */ = {isa = PBXFileReference; fileEncoding = 4; lastKnownFileType = sourcecode.c.h; path = Game.h; sourceTree = "<group>"; };
		81E352E9181976B000FD7323 /* Game.m */ = {isa = PBXFileReference; fileEncoding = 4; lastKnownFileType = sourcecode.c.objc; path = Game.m; sourceTree = "<group>"; };
		81F12895181AA06E0002832D /* 1.png */ = {isa = PBXFileReference; lastKnownFileType = image.png; path = 1.png; sourceTree = "<group>"; };
		81F12896181AA06E0002832D /* 6.png */ = {isa = PBXFileReference; lastKnownFileType = image.png; path = 6.png; sourceTree = "<group>"; };
		81F12898181AA06E0002832D /* 5.png */ = {isa = PBXFileReference; lastKnownFileType = image.png; path = 5.png; sourceTree = "<group>"; };
		81F12899181AA06E0002832D /* 3.png */ = {isa = PBXFileReference; lastKnownFileType = image.png; path = 3.png; sourceTree = "<group>"; };
		81F128A3181AA2B90002832D /* edge.png */ = {isa = PBXFileReference; lastKnownFileType = image.png; path = edge.png; sourceTree = "<group>"; };
		81F128A5181AC9680002832D /* Flag.png */ = {isa = PBXFileReference; lastKnownFileType = image.png; name = Flag.png; path = Images/Flag.png; sourceTree = "<group>"; };
		81F128A6181AC9680002832D /* city.png */ = {isa = PBXFileReference; lastKnownFileType = image.png; name = city.png; path = Images/city.png; sourceTree = "<group>"; };
		81F128A7181AC9680002832D /* villageHouse.png */ = {isa = PBXFileReference; lastKnownFileType = image.png; name = villageHouse.png; path = Images/villageHouse.png; sourceTree = "<group>"; };
		81F128AB181ACAFC0002832D /* vertex2.png */ = {isa = PBXFileReference; lastKnownFileType = image.png; name = vertex2.png; path = Images/vertex2.png; sourceTree = "<group>"; };
		8312076B182FEA8B00C95EED /* ManaLinkAtlas.h */ = {isa = PBXFileReference; fileEncoding = 4; lastKnownFileType = sourcecode.c.h; path = ManaLinkAtlas.h; sourceTree = "<group>"; };
		8312076C182FEA8B00C95EED /* ManaLinkAtlas.m */ = {isa = PBXFileReference; fileEncoding = 4; lastKnownFileType = sourcecode.c.objc; path = ManaLinkAtlas.m; sourceTree = "<group>"; };
		832A1583181CB56200B6FB77 /* BankTrader.h */ = {isa = PBXFileReference; fileEncoding = 4; lastKnownFileType = sourcecode.c.h; path = BankTrader.h; sourceTree = "<group>"; };
		832A1584181CB56200B6FB77 /* BankTrader.m */ = {isa = PBXFileReference; fileEncoding = 4; lastKnownFileType = sourcecode.c.objc; path = BankTrader.m; sourceTree = "<group>"; };
		83522B26182909DE0009C4D7 /* yourturnwarning.mp3 */ = {isa = PBXFileReference; lastKnownFileType = audio.mp3; name = yourturnwarning.mp3; path = Soundtrack/yourturnwarning.mp3; sourceTree = "<group>"; };
		83599844182441BF0030CDBB /* thief.png */ = {isa = PBXFileReference; lastKnownFileType = image.png; name = thief.png; path = Images/thief.png; sourceTree = "<group>"; };
		835998481825D35D0030CDBB /* HelpScreen.h */ = {isa = PBXFileReference; fileEncoding = 4; lastKnownFileType = sourcecode.c.h; path = HelpScreen.h; sourceTree = "<group>"; };
		835998491825D35D0030CDBB /* HelpScreen.m */ = {isa = PBXFileReference; fileEncoding = 4; lastKnownFileType = sourcecode.c.objc; path = HelpScreen.m; sourceTree = "<group>"; };
		83663618182ED58500AA4531 /* 2.png */ = {isa = PBXFileReference; lastKnownFileType = image.png; path = 2.png; sourceTree = "<group>"; };
		83663619182ED58500AA4531 /* 4.png */ = {isa = PBXFileReference; lastKnownFileType = image.png; path = 4.png; sourceTree = "<group>"; };
		8366367B182ED83100AA4531 /* ManaCrystalAtlas.h */ = {isa = PBXFileReference; fileEncoding = 4; lastKnownFileType = sourcecode.c.h; path = ManaCrystalAtlas.h; sourceTree = "<group>"; };
		8366367C182ED83100AA4531 /* ManaCrystalAtlas.m */ = {isa = PBXFileReference; fileEncoding = 4; lastKnownFileType = sourcecode.c.objc; path = ManaCrystalAtlas.m; sourceTree = "<group>"; };
		83663680182EE3C000AA4531 /* Crystal.atlas */ = {isa = PBXFileReference; lastKnownFileType = folder.skatlas; name = Crystal.atlas; path = resourcesPNG/Crystal.atlas; sourceTree = "<group>"; };
		83663682182EE3E800AA4531 /* Link.atlas */ = {isa = PBXFileReference; lastKnownFileType = folder.skatlas; name = Link.atlas; path = resourcesPNG/Link.atlas; sourceTree = "<group>"; };
		83CF9EDD182750FE00B1803D /* Help.png */ = {isa = PBXFileReference; lastKnownFileType = image.png; name = Help.png; path = Images/Help.png; sourceTree = "<group>"; };
		83CF9EDF1827530800B1803D /* helpicon.png */ = {isa = PBXFileReference; lastKnownFileType = image.png; name = helpicon.png; path = Images/helpicon.png; sourceTree = "<group>"; };
		83CF9EE1182755B400B1803D /* cityH.png */ = {isa = PBXFileReference; lastKnownFileType = image.png; name = cityH.png; path = Images/cityH.png; sourceTree = "<group>"; };
		83CF9EE3182755C200B1803D /* villageHouseH.png */ = {isa = PBXFileReference; lastKnownFileType = image.png; name = villageHouseH.png; path = Images/villageHouseH.png; sourceTree = "<group>"; };
		83CF9EEA1827DA8000B1803D /* buildingsound.mp3 */ = {isa = PBXFileReference; lastKnownFileType = audio.mp3; name = buildingsound.mp3; path = Soundtrack/buildingsound.mp3; sourceTree = "<group>"; };
		98B4D24B180EFB7900537145 /* Onogoro.app */ = {isa = PBXFileReference; explicitFileType = wrapper.application; includeInIndex = 0; path = Onogoro.app; sourceTree = BUILT_PRODUCTS_DIR; };
		98B4D24E180EFB7900537145 /* Foundation.framework */ = {isa = PBXFileReference; lastKnownFileType = wrapper.framework; name = Foundation.framework; path = System/Library/Frameworks/Foundation.framework; sourceTree = SDKROOT; };
		98B4D250180EFB7900537145 /* CoreGraphics.framework */ = {isa = PBXFileReference; lastKnownFileType = wrapper.framework; name = CoreGraphics.framework; path = System/Library/Frameworks/CoreGraphics.framework; sourceTree = SDKROOT; };
		98B4D252180EFB7900537145 /* UIKit.framework */ = {isa = PBXFileReference; lastKnownFileType = wrapper.framework; name = UIKit.framework; path = System/Library/Frameworks/UIKit.framework; sourceTree = SDKROOT; };
		98B4D254180EFB7900537145 /* SpriteKit.framework */ = {isa = PBXFileReference; lastKnownFileType = wrapper.framework; name = SpriteKit.framework; path = System/Library/Frameworks/SpriteKit.framework; sourceTree = SDKROOT; };
		98B4D258180EFB7900537145 /* codecan-Info.plist */ = {isa = PBXFileReference; lastKnownFileType = text.plist.xml; path = "codecan-Info.plist"; sourceTree = "<group>"; };
		98B4D25A180EFB7900537145 /* en */ = {isa = PBXFileReference; lastKnownFileType = text.plist.strings; name = en; path = en.lproj/InfoPlist.strings; sourceTree = "<group>"; };
		98B4D25C180EFB7900537145 /* main.m */ = {isa = PBXFileReference; lastKnownFileType = sourcecode.c.objc; path = main.m; sourceTree = "<group>"; };
		98B4D25E180EFB7900537145 /* codecan-Prefix.pch */ = {isa = PBXFileReference; lastKnownFileType = sourcecode.c.h; path = "codecan-Prefix.pch"; sourceTree = "<group>"; };
		98B4D25F180EFB7900537145 /* AppDelegate.h */ = {isa = PBXFileReference; lastKnownFileType = sourcecode.c.h; path = AppDelegate.h; sourceTree = "<group>"; };
		98B4D260180EFB7900537145 /* AppDelegate.m */ = {isa = PBXFileReference; lastKnownFileType = sourcecode.c.objc; path = AppDelegate.m; sourceTree = "<group>"; };
		98B4D263180EFB7900537145 /* Base */ = {isa = PBXFileReference; lastKnownFileType = file.storyboard; name = Base; path = Base.lproj/Main.storyboard; sourceTree = "<group>"; };
		98B4D265180EFB7900537145 /* ViewController.h */ = {isa = PBXFileReference; lastKnownFileType = sourcecode.c.h; path = ViewController.h; sourceTree = "<group>"; };
		98B4D266180EFB7900537145 /* ViewController.m */ = {isa = PBXFileReference; lastKnownFileType = sourcecode.c.objc; path = ViewController.m; sourceTree = "<group>"; };
		98B4D268180EFB7900537145 /* MyScene.h */ = {isa = PBXFileReference; lastKnownFileType = sourcecode.c.h; path = MyScene.h; sourceTree = "<group>"; };
		98B4D269180EFB7900537145 /* MyScene.m */ = {isa = PBXFileReference; lastKnownFileType = sourcecode.c.objc; path = MyScene.m; sourceTree = "<group>"; };
		98B4D26D180EFB7900537145 /* Images.xcassets */ = {isa = PBXFileReference; lastKnownFileType = folder.assetcatalog; path = Images.xcassets; sourceTree = "<group>"; };
		98B4D273180EFB7A00537145 /* codecanTests.xctest */ = {isa = PBXFileReference; explicitFileType = wrapper.cfbundle; includeInIndex = 0; path = codecanTests.xctest; sourceTree = BUILT_PRODUCTS_DIR; };
		98B4D274180EFB7A00537145 /* XCTest.framework */ = {isa = PBXFileReference; lastKnownFileType = wrapper.framework; name = XCTest.framework; path = Library/Frameworks/XCTest.framework; sourceTree = DEVELOPER_DIR; };
		98B4D27C180EFB7A00537145 /* codecanTests-Info.plist */ = {isa = PBXFileReference; lastKnownFileType = text.plist.xml; path = "codecanTests-Info.plist"; sourceTree = "<group>"; };
		98B4D27E180EFB7A00537145 /* en */ = {isa = PBXFileReference; lastKnownFileType = text.plist.strings; name = en; path = en.lproj/InfoPlist.strings; sourceTree = "<group>"; };
		98B4D280180EFB7A00537145 /* codecanTests.m */ = {isa = PBXFileReference; lastKnownFileType = sourcecode.c.objc; path = codecanTests.m; sourceTree = "<group>"; };
		98DF30861811B0410092E8A7 /* Plug.h */ = {isa = PBXFileReference; fileEncoding = 4; lastKnownFileType = sourcecode.c.h; path = Plug.h; sourceTree = "<group>"; };
		98DF30871811B0410092E8A7 /* Plug.m */ = {isa = PBXFileReference; fileEncoding = 4; lastKnownFileType = sourcecode.c.objc; path = Plug.m; sourceTree = "<group>"; };
		98DF30891811B0D10092E8A7 /* TestViewController.h */ = {isa = PBXFileReference; fileEncoding = 4; lastKnownFileType = sourcecode.c.h; path = TestViewController.h; sourceTree = "<group>"; };
		98DF308A1811B0D10092E8A7 /* TestViewController.m */ = {isa = PBXFileReference; fileEncoding = 4; lastKnownFileType = sourcecode.c.objc; path = TestViewController.m; sourceTree = "<group>"; };
		C4059D5918212C3A00A4FE37 /* ThiefDiscardScreen.h */ = {isa = PBXFileReference; fileEncoding = 4; lastKnownFileType = sourcecode.c.h; path = ThiefDiscardScreen.h; sourceTree = "<group>"; };
		C4059D5A18212C3A00A4FE37 /* ThiefDiscardScreen.m */ = {isa = PBXFileReference; fileEncoding = 4; lastKnownFileType = sourcecode.c.objc; path = ThiefDiscardScreen.m; sourceTree = "<group>"; };
		C4059D5C18216F1F00A4FE37 /* DevelopmentCards.h */ = {isa = PBXFileReference; fileEncoding = 4; lastKnownFileType = sourcecode.c.h; path = DevelopmentCards.h; sourceTree = "<group>"; };
		C4059D5D18216F1F00A4FE37 /* DevelopmentCards.m */ = {isa = PBXFileReference; fileEncoding = 4; lastKnownFileType = sourcecode.c.objc; path = DevelopmentCards.m; sourceTree = "<group>"; };
		C409973F181EBBD800E60154 /* arrow.png */ = {isa = PBXFileReference; lastKnownFileType = image.png; name = arrow.png; path = Images/arrow.png; sourceTree = "<group>"; };
		C4099740181EBBD800E60154 /* brick.png */ = {isa = PBXFileReference; lastKnownFileType = image.png; name = brick.png; path = Images/brick.png; sourceTree = "<group>"; };
		C4099741181EBBD800E60154 /* grain.png */ = {isa = PBXFileReference; lastKnownFileType = image.png; name = grain.png; path = Images/grain.png; sourceTree = "<group>"; };
		C4099742181EBBD800E60154 /* lumber.png */ = {isa = PBXFileReference; lastKnownFileType = image.png; name = lumber.png; path = Images/lumber.png; sourceTree = "<group>"; };
		C4099743181EBBD800E60154 /* ore.png */ = {isa = PBXFileReference; lastKnownFileType = image.png; name = ore.png; path = Images/ore.png; sourceTree = "<group>"; };
		C4099744181EBBD800E60154 /* wool.png */ = {isa = PBXFileReference; lastKnownFileType = image.png; name = wool.png; path = Images/wool.png; sourceTree = "<group>"; };
		C409974B181EBCAE00E60154 /* StartViewController.h */ = {isa = PBXFileReference; fileEncoding = 4; lastKnownFileType = sourcecode.c.h; path = StartViewController.h; sourceTree = "<group>"; };
		C409974C181EBCAE00E60154 /* StartViewController.m */ = {isa = PBXFileReference; fileEncoding = 4; lastKnownFileType = sourcecode.c.objc; path = StartViewController.m; sourceTree = "<group>"; };
		C4200BB9183BCB8800D7C4A0 /* splash_screen.png */ = {isa = PBXFileReference; lastKnownFileType = image.png; name = splash_screen.png; path = resourcesPNG/splash_screen.png; sourceTree = "<group>"; };
		C49590441823BDC4006F790C /* water.png */ = {isa = PBXFileReference; lastKnownFileType = image.png; name = water.png; path = Images/water.png; sourceTree = "<group>"; };
		C49590461823C145006F790C /* botMenu.png */ = {isa = PBXFileReference; lastKnownFileType = image.png; name = botMenu.png; path = Images/botMenu.png; sourceTree = "<group>"; };
		C49590481823C8A3006F790C /* topMenu.png */ = {isa = PBXFileReference; lastKnownFileType = image.png; name = topMenu.png; path = Images/topMenu.png; sourceTree = "<group>"; };
		C495904A1823FFCE006F790C /* defeat.png */ = {isa = PBXFileReference; lastKnownFileType = image.png; name = defeat.png; path = Images/defeat.png; sourceTree = "<group>"; };
		C495904B1823FFCE006F790C /* victory.png */ = {isa = PBXFileReference; lastKnownFileType = image.png; name = victory.png; path = Images/victory.png; sourceTree = "<group>"; };
		C4A8D8B21817E2560043AA4B /* FileReader.h */ = {isa = PBXFileReference; fileEncoding = 4; lastKnownFileType = sourcecode.c.h; path = FileReader.h; sourceTree = "<group>"; };
		C4A8D8B31817E2560043AA4B /* FileReader.m */ = {isa = PBXFileReference; fileEncoding = 4; lastKnownFileType = sourcecode.c.objc; path = FileReader.m; sourceTree = "<group>"; };
		C4A8D8B51817E5C40043AA4B /* hexCSV.csv */ = {isa = PBXFileReference; fileEncoding = 4; lastKnownFileType = text; path = hexCSV.csv; sourceTree = "<group>"; };
		C4A8D8B61817E5C40043AA4B /* About-CSV.txt */ = {isa = PBXFileReference; fileEncoding = 4; lastKnownFileType = text; path = "About-CSV.txt"; sourceTree = "<group>"; };
		C4A8D8B71817E5C40043AA4B /* verticeCSV.csv */ = {isa = PBXFileReference; fileEncoding = 4; lastKnownFileType = text; path = verticeCSV.csv; sourceTree = "<group>"; };
/* End PBXFileReference section */

/* Begin PBXFrameworksBuildPhase section */
		98B4D248180EFB7900537145 /* Frameworks */ = {
			isa = PBXFrameworksBuildPhase;
			buildActionMask = 2147483647;
			files = (
				98B4D251180EFB7900537145 /* CoreGraphics.framework in Frameworks */,
				98B4D253180EFB7900537145 /* UIKit.framework in Frameworks */,
				98B4D255180EFB7900537145 /* SpriteKit.framework in Frameworks */,
				98B4D24F180EFB7900537145 /* Foundation.framework in Frameworks */,
			);
			runOnlyForDeploymentPostprocessing = 0;
		};
		98B4D270180EFB7A00537145 /* Frameworks */ = {
			isa = PBXFrameworksBuildPhase;
			buildActionMask = 2147483647;
			files = (
				98B4D275180EFB7A00537145 /* XCTest.framework in Frameworks */,
				98B4D277180EFB7A00537145 /* UIKit.framework in Frameworks */,
				98B4D276180EFB7A00537145 /* Foundation.framework in Frameworks */,
			);
			runOnlyForDeploymentPostprocessing = 0;
		};
/* End PBXFrameworksBuildPhase section */

/* Begin PBXGroup section */
		81F12894181AA06E0002832D /* resourcesPNG */ = {
			isa = PBXGroup;
			children = (
				81F12895181AA06E0002832D /* 1.png */,
				83663618182ED58500AA4531 /* 2.png */,
				83663619182ED58500AA4531 /* 4.png */,
				81F12896181AA06E0002832D /* 6.png */,
				81F12898181AA06E0002832D /* 5.png */,
				81F12899181AA06E0002832D /* 3.png */,
			);
			path = resourcesPNG;
			sourceTree = "<group>";
		};
		8366367A182ED7F300AA4531 /* AtlasSingletons */ = {
			isa = PBXGroup;
			children = (
				8366367B182ED83100AA4531 /* ManaCrystalAtlas.h */,
				8366367C182ED83100AA4531 /* ManaCrystalAtlas.m */,
				8312076B182FEA8B00C95EED /* ManaLinkAtlas.h */,
				8312076C182FEA8B00C95EED /* ManaLinkAtlas.m */,
				8193EBF3183286AC0086B992 /* ManaSphereAtlas.h */,
				8193EBF4183286AC0086B992 /* ManaSphereAtlas.m */,
			);
			name = AtlasSingletons;
			sourceTree = "<group>";
		};
		83CF9EE71827CDA100B1803D /* Soundtrack */ = {
			isa = PBXGroup;
			children = (
				813A9B771827F53A00A110E3 /* opening.mp3 */,
				813A9B751827F07B00A110E3 /* backgroundmusic.mp3 */,
				83CF9EEA1827DA8000B1803D /* buildingsound.mp3 */,
				83522B26182909DE0009C4D7 /* yourturnwarning.mp3 */,
			);
			name = Soundtrack;
			sourceTree = "<group>";
		};
		98B4D242180EFB7900537145 = {
			isa = PBXGroup;
			children = (
				98B4D256180EFB7900537145 /* codecan */,
				98B4D27A180EFB7A00537145 /* codecanTests */,
				98B4D24D180EFB7900537145 /* Frameworks */,
				98B4D24C180EFB7900537145 /* Products */,
			);
			sourceTree = "<group>";
		};
		98B4D24C180EFB7900537145 /* Products */ = {
			isa = PBXGroup;
			children = (
				98B4D24B180EFB7900537145 /* Onogoro.app */,
				98B4D273180EFB7A00537145 /* codecanTests.xctest */,
			);
			name = Products;
			sourceTree = "<group>";
		};
		98B4D24D180EFB7900537145 /* Frameworks */ = {
			isa = PBXGroup;
			children = (
				98B4D24E180EFB7900537145 /* Foundation.framework */,
				98B4D250180EFB7900537145 /* CoreGraphics.framework */,
				98B4D252180EFB7900537145 /* UIKit.framework */,
				98B4D254180EFB7900537145 /* SpriteKit.framework */,
				98B4D274180EFB7A00537145 /* XCTest.framework */,
			);
			name = Frameworks;
			sourceTree = "<group>";
		};
		98B4D256180EFB7900537145 /* codecan */ = {
			isa = PBXGroup;
			children = (
				C45688961817FC40008A0CB8 /* Nodes */,
				8366367A182ED7F300AA4531 /* AtlasSingletons */,
				C456889C1817FD0C008A0CB8 /* Images */,
				83CF9EE71827CDA100B1803D /* Soundtrack */,
				C456889B1817FCFF008A0CB8 /* Scenes */,
				C456889A1817FCE8008A0CB8 /* Controllers */,
				C45688991817FCC6008A0CB8 /* Data Handler */,
				C45688981817FCAA008A0CB8 /* Server Comms */,
				C45688971817FC8E008A0CB8 /* Mechanics */,
				C4A8D8BB1817E5D10043AA4B /* CSVFiles */,
				98B4D25F180EFB7900537145 /* AppDelegate.h */,
				98B4D260180EFB7900537145 /* AppDelegate.m */,
				98B4D262180EFB7900537145 /* Main.storyboard */,
				98B4D26D180EFB7900537145 /* Images.xcassets */,
				98B4D257180EFB7900537145 /* Supporting Files */,
			);
			path = codecan;
			sourceTree = "<group>";
		};
		98B4D257180EFB7900537145 /* Supporting Files */ = {
			isa = PBXGroup;
			children = (
				98B4D258180EFB7900537145 /* codecan-Info.plist */,
				98B4D259180EFB7900537145 /* InfoPlist.strings */,
				98B4D25C180EFB7900537145 /* main.m */,
				98B4D25E180EFB7900537145 /* codecan-Prefix.pch */,
			);
			name = "Supporting Files";
			sourceTree = "<group>";
		};
		98B4D27A180EFB7A00537145 /* codecanTests */ = {
			isa = PBXGroup;
			children = (
				98B4D280180EFB7A00537145 /* codecanTests.m */,
				98B4D27B180EFB7A00537145 /* Supporting Files */,
			);
			path = codecanTests;
			sourceTree = "<group>";
		};
		98B4D27B180EFB7A00537145 /* Supporting Files */ = {
			isa = PBXGroup;
			children = (
				98B4D27C180EFB7A00537145 /* codecanTests-Info.plist */,
				98B4D27D180EFB7A00537145 /* InfoPlist.strings */,
			);
			name = "Supporting Files";
			sourceTree = "<group>";
		};
		C45688961817FC40008A0CB8 /* Nodes */ = {
			isa = PBXGroup;
			children = (
				0BE947091816B52300379436 /* EdgeNode.h */,
				0BE9470A1816B52300379436 /* EdgeNode.m */,
				0BE9470B1816B52300379436 /* VertexNode.h */,
				0BE9470C1816B52300379436 /* VertexNode.m */,
				81E352D918168FAA00FD7323 /* HexagonNode.h */,
				81E352DA18168FAA00FD7323 /* HexagonNode.m */,
				0B03E0811817FA9000EBF10D /* ThiefNode.h */,
				0B03E0821817FA9000EBF10D /* ThiefNode.m */,
				832A1583181CB56200B6FB77 /* BankTrader.h */,
				832A1584181CB56200B6FB77 /* BankTrader.m */,
				8159F06F182115FD00D1570B /* PortTrader.h */,
				8159F070182115FD00D1570B /* PortTrader.m */,
				812ACCB21823D723007C848E /* PortResourceTrader.h */,
				812ACCB31823D723007C848E /* PortResourceTrader.m */,
				C4059D5918212C3A00A4FE37 /* ThiefDiscardScreen.h */,
				C4059D5A18212C3A00A4FE37 /* ThiefDiscardScreen.m */,
				835998481825D35D0030CDBB /* HelpScreen.h */,
				835998491825D35D0030CDBB /* HelpScreen.m */,
				81AA909F182BE59E00033B30 /* PlayerTrader.h */,
				81AA90A0182BE59E00033B30 /* PlayerTrader.m */,
				81A73C99182C111800C4514F /* ShowOfferScreen.h */,
				81A73C9A182C111800C4514F /* ShowOfferScreen.m */,
				81AB181A1844B49500A0B596 /* ToastText.h */,
				81AB181B1844B49500A0B596 /* ToastText.m */,
			);
			name = Nodes;
			sourceTree = "<group>";
		};
		C45688971817FC8E008A0CB8 /* Mechanics */ = {
			isa = PBXGroup;
			children = (
				C4059D5C18216F1F00A4FE37 /* DevelopmentCards.h */,
				C4059D5D18216F1F00A4FE37 /* DevelopmentCards.m */,
				81E352E518184D1700FD7323 /* Player.h */,
				81E352E618184D1700FD7323 /* Player.m */,
				81E352DC1816A3CD00FD7323 /* Table.h */,
				81E352DD1816A3CD00FD7323 /* Table.m */,
				81E352E8181976B000FD7323 /* Game.h */,
				81E352E9181976B000FD7323 /* Game.m */,
				0B03E07E1817FA3300EBF10D /* Port.h */,
				0B03E07F1817FA3300EBF10D /* Port.m */,
			);
			name = Mechanics;
			sourceTree = "<group>";
		};
		C45688981817FCAA008A0CB8 /* Server Comms */ = {
			isa = PBXGroup;
			children = (
				98DF30861811B0410092E8A7 /* Plug.h */,
				98DF30871811B0410092E8A7 /* Plug.m */,
			);
			name = "Server Comms";
			sourceTree = "<group>";
		};
		C45688991817FCC6008A0CB8 /* Data Handler */ = {
			isa = PBXGroup;
			children = (
				C4A8D8B21817E2560043AA4B /* FileReader.h */,
				C4A8D8B31817E2560043AA4B /* FileReader.m */,
			);
			name = "Data Handler";
			sourceTree = "<group>";
		};
		C456889A1817FCE8008A0CB8 /* Controllers */ = {
			isa = PBXGroup;
			children = (
				C409974B181EBCAE00E60154 /* StartViewController.h */,
				C409974C181EBCAE00E60154 /* StartViewController.m */,
				98B4D265180EFB7900537145 /* ViewController.h */,
				98B4D266180EFB7900537145 /* ViewController.m */,
				98DF30891811B0D10092E8A7 /* TestViewController.h */,
				98DF308A1811B0D10092E8A7 /* TestViewController.m */,
			);
			name = Controllers;
			sourceTree = "<group>";
		};
		C456889B1817FCFF008A0CB8 /* Scenes */ = {
			isa = PBXGroup;
			children = (
				98B4D268180EFB7900537145 /* MyScene.h */,
				98B4D269180EFB7900537145 /* MyScene.m */,
			);
			name = Scenes;
			sourceTree = "<group>";
		};
		C456889C1817FD0C008A0CB8 /* Images */ = {
			isa = PBXGroup;
			children = (
				81AB1818183BBB3700A0B596 /* bg_bank.png */,
				C4200BB9183BCB8800D7C4A0 /* splash_screen.png */,
				81AB1816183BB80500A0B596 /* mine.png */,
				81AB1814183B9E9F00A0B596 /* crystal.png */,
				81AD40F41832A5A400921747 /* logo (1).png */,
				83CF9EE3182755C200B1803D /* villageHouseH.png */,
				83CF9EE1182755B400B1803D /* cityH.png */,
				83CF9EDF1827530800B1803D /* helpicon.png */,
				83CF9EDD182750FE00B1803D /* Help.png */,
				83599844182441BF0030CDBB /* thief.png */,
				C49590481823C8A3006F790C /* topMenu.png */,
				C495904A1823FFCE006F790C /* defeat.png */,
				C495904B1823FFCE006F790C /* victory.png */,
				C49590461823C145006F790C /* botMenu.png */,
				C49590441823BDC4006F790C /* water.png */,
				C409973F181EBBD800E60154 /* arrow.png */,
				C4099740181EBBD800E60154 /* brick.png */,
				C4099741181EBBD800E60154 /* grain.png */,
				C4099742181EBBD800E60154 /* lumber.png */,
				C4099743181EBBD800E60154 /* ore.png */,
				C4099744181EBBD800E60154 /* wool.png */,
				81F12894181AA06E0002832D /* resourcesPNG */,
				81F128A5181AC9680002832D /* Flag.png */,
				81F128A6181AC9680002832D /* city.png */,
				81F128A7181AC9680002832D /* villageHouse.png */,
				81F128A3181AA2B90002832D /* edge.png */,
				81F128AB181ACAFC0002832D /* vertex2.png */,
				8193EBF6183287640086B992 /* Sphere.atlas */,
				83663682182EE3E800AA4531 /* Link.atlas */,
				83663680182EE3C000AA4531 /* Crystal.atlas */,
			);
			name = Images;
			sourceTree = "<group>";
		};
		C4A8D8BB1817E5D10043AA4B /* CSVFiles */ = {
			isa = PBXGroup;
			children = (
				C4A8D8B51817E5C40043AA4B /* hexCSV.csv */,
				C4A8D8B61817E5C40043AA4B /* About-CSV.txt */,
				C4A8D8B71817E5C40043AA4B /* verticeCSV.csv */,
			);
			name = CSVFiles;
			sourceTree = "<group>";
		};
/* End PBXGroup section */

/* Begin PBXNativeTarget section */
		98B4D24A180EFB7900537145 /* codecan */ = {
			isa = PBXNativeTarget;
			buildConfigurationList = 98B4D284180EFB7A00537145 /* Build configuration list for PBXNativeTarget "codecan" */;
			buildPhases = (
				98B4D247180EFB7900537145 /* Sources */,
				98B4D248180EFB7900537145 /* Frameworks */,
				98B4D249180EFB7900537145 /* Resources */,
			);
			buildRules = (
			);
			dependencies = (
			);
			name = codecan;
			productName = codecan;
			productReference = 98B4D24B180EFB7900537145 /* Onogoro.app */;
			productType = "com.apple.product-type.application";
		};
		98B4D272180EFB7A00537145 /* codecanTests */ = {
			isa = PBXNativeTarget;
			buildConfigurationList = 98B4D287180EFB7A00537145 /* Build configuration list for PBXNativeTarget "codecanTests" */;
			buildPhases = (
				98B4D26F180EFB7A00537145 /* Sources */,
				98B4D270180EFB7A00537145 /* Frameworks */,
				98B4D271180EFB7A00537145 /* Resources */,
			);
			buildRules = (
			);
			dependencies = (
				98B4D279180EFB7A00537145 /* PBXTargetDependency */,
			);
			name = codecanTests;
			productName = codecanTests;
			productReference = 98B4D273180EFB7A00537145 /* codecanTests.xctest */;
			productType = "com.apple.product-type.bundle.unit-test";
		};
/* End PBXNativeTarget section */

/* Begin PBXProject section */
		98B4D243180EFB7900537145 /* Project object */ = {
			isa = PBXProject;
			attributes = {
				LastUpgradeCheck = 0500;
				ORGANIZATIONNAME = Codeca;
				TargetAttributes = {
					98B4D272180EFB7A00537145 = {
						TestTargetID = 98B4D24A180EFB7900537145;
					};
				};
			};
			buildConfigurationList = 98B4D246180EFB7900537145 /* Build configuration list for PBXProject "codecan" */;
			compatibilityVersion = "Xcode 3.2";
			developmentRegion = English;
			hasScannedForEncodings = 0;
			knownRegions = (
				en,
				Base,
			);
			mainGroup = 98B4D242180EFB7900537145;
			productRefGroup = 98B4D24C180EFB7900537145 /* Products */;
			projectDirPath = "";
			projectRoot = "";
			targets = (
				98B4D24A180EFB7900537145 /* codecan */,
				98B4D272180EFB7A00537145 /* codecanTests */,
			);
		};
/* End PBXProject section */

/* Begin PBXResourcesBuildPhase section */
		98B4D249180EFB7900537145 /* Resources */ = {
			isa = PBXResourcesBuildPhase;
			buildActionMask = 2147483647;
			files = (
				8366361A182ED58500AA4531 /* 2.png in Resources */,
				C409974A181EBBD800E60154 /* wool.png in Resources */,
				81AB1819183BBB3700A0B596 /* bg_bank.png in Resources */,
				813A9B781827F53A00A110E3 /* opening.mp3 in Resources */,
				C4099748181EBBD800E60154 /* lumber.png in Resources */,
				81F1289F181AA06E0002832D /* 3.png in Resources */,
				98B4D25B180EFB7900537145 /* InfoPlist.strings in Resources */,
				83CF9EE4182755C200B1803D /* villageHouseH.png in Resources */,
				81F1289C181AA06E0002832D /* 6.png in Resources */,
				8366361B182ED58500AA4531 /* 4.png in Resources */,
				83522B27182909DE0009C4D7 /* yourturnwarning.mp3 in Resources */,
				C4200BBA183BCB8800D7C4A0 /* splash_screen.png in Resources */,
				83663681182EE3C000AA4531 /* Crystal.atlas in Resources */,
				81F1289E181AA06E0002832D /* 5.png in Resources */,
				C4099745181EBBD800E60154 /* arrow.png in Resources */,
				81F128A8181AC9680002832D /* Flag.png in Resources */,
				81AB1817183BB80500A0B596 /* mine.png in Resources */,
				8193EBF7183287640086B992 /* Sphere.atlas in Resources */,
				83CF9EEB1827DA8000B1803D /* buildingsound.mp3 in Resources */,
				C4099746181EBBD800E60154 /* brick.png in Resources */,
				C4A8D8B81817E5C40043AA4B /* hexCSV.csv in Resources */,
				81F128AA181AC9680002832D /* villageHouse.png in Resources */,
				81F128A9181AC9680002832D /* city.png in Resources */,
				83CF9EE2182755B400B1803D /* cityH.png in Resources */,
				83599845182441BF0030CDBB /* thief.png in Resources */,
				83CF9EDE182750FE00B1803D /* Help.png in Resources */,
				C495904D1823FFCE006F790C /* victory.png in Resources */,
				98B4D26E180EFB7900537145 /* Images.xcassets in Resources */,
				98B4D264180EFB7900537145 /* Main.storyboard in Resources */,
				81AB1815183B9E9F00A0B596 /* crystal.png in Resources */,
				81AD40F51832A5A400921747 /* logo (1).png in Resources */,
				C4099749181EBBD800E60154 /* ore.png in Resources */,
				C495904C1823FFCE006F790C /* defeat.png in Resources */,
				81F128A4181AA2B90002832D /* edge.png in Resources */,
				83CF9EE01827530800B1803D /* helpicon.png in Resources */,
				C49590491823C8A3006F790C /* topMenu.png in Resources */,
				C4A8D8B91817E5C40043AA4B /* About-CSV.txt in Resources */,
				C4099747181EBBD800E60154 /* grain.png in Resources */,
				81F128AC181ACAFC0002832D /* vertex2.png in Resources */,
				C4A8D8BA1817E5C40043AA4B /* verticeCSV.csv in Resources */,
				81F1289B181AA06E0002832D /* 1.png in Resources */,
				C49590471823C145006F790C /* botMenu.png in Resources */,
				813A9B761827F07B00A110E3 /* backgroundmusic.mp3 in Resources */,
				C49590451823BDC4006F790C /* water.png in Resources */,
				83663683182EE3E800AA4531 /* Link.atlas in Resources */,
			);
			runOnlyForDeploymentPostprocessing = 0;
		};
		98B4D271180EFB7A00537145 /* Resources */ = {
			isa = PBXResourcesBuildPhase;
			buildActionMask = 2147483647;
			files = (
				98B4D27F180EFB7A00537145 /* InfoPlist.strings in Resources */,
			);
			runOnlyForDeploymentPostprocessing = 0;
		};
/* End PBXResourcesBuildPhase section */

/* Begin PBXSourcesBuildPhase section */
		98B4D247180EFB7900537145 /* Sources */ = {
			isa = PBXSourcesBuildPhase;
			buildActionMask = 2147483647;
			files = (
				81E352EA181976B000FD7323 /* Game.m in Sources */,
				98DF308B1811B0D10092E8A7 /* TestViewController.m in Sources */,
				8312076D182FEA8B00C95EED /* ManaLinkAtlas.m in Sources */,
				0B03E0831817FA9000EBF10D /* ThiefNode.m in Sources */,
				98DF30881811B0410092E8A7 /* Plug.m in Sources */,
				81E352DE1816A3CD00FD7323 /* Table.m in Sources */,
				C409974D181EBCAE00E60154 /* StartViewController.m in Sources */,
				832A1585181CB56200B6FB77 /* BankTrader.m in Sources */,
				81A73C9B182C111800C4514F /* ShowOfferScreen.m in Sources */,
				98B4D26A180EFB7900537145 /* MyScene.m in Sources */,
				8159F071182115FD00D1570B /* PortTrader.m in Sources */,
				0BE9470D1816B52300379436 /* EdgeNode.m in Sources */,
				98B4D267180EFB7900537145 /* ViewController.m in Sources */,
				C4059D5B18212C3A00A4FE37 /* ThiefDiscardScreen.m in Sources */,
				81AB181C1844B49500A0B596 /* ToastText.m in Sources */,
				0B03E0801817FA3300EBF10D /* Port.m in Sources */,
				98B4D261180EFB7900537145 /* AppDelegate.m in Sources */,
				C4A8D8B41817E2560043AA4B /* FileReader.m in Sources */,
				8366367D182ED83100AA4531 /* ManaCrystalAtlas.m in Sources */,
				98B4D25D180EFB7900537145 /* main.m in Sources */,
				8359984A1825D35D0030CDBB /* HelpScreen.m in Sources */,
				81E352DB18168FAA00FD7323 /* HexagonNode.m in Sources */,
				C4059D5E18216F1F00A4FE37 /* DevelopmentCards.m in Sources */,
				81AA90A1182BE59E00033B30 /* PlayerTrader.m in Sources */,
				8193EBF5183286AC0086B992 /* ManaSphereAtlas.m in Sources */,
				812ACCB41823D723007C848E /* PortResourceTrader.m in Sources */,
				81E352E718184D1700FD7323 /* Player.m in Sources */,
				0BE9470E1816B52300379436 /* VertexNode.m in Sources */,
			);
			runOnlyForDeploymentPostprocessing = 0;
		};
		98B4D26F180EFB7A00537145 /* Sources */ = {
			isa = PBXSourcesBuildPhase;
			buildActionMask = 2147483647;
			files = (
				98B4D281180EFB7A00537145 /* codecanTests.m in Sources */,
			);
			runOnlyForDeploymentPostprocessing = 0;
		};
/* End PBXSourcesBuildPhase section */

/* Begin PBXTargetDependency section */
		98B4D279180EFB7A00537145 /* PBXTargetDependency */ = {
			isa = PBXTargetDependency;
			target = 98B4D24A180EFB7900537145 /* codecan */;
			targetProxy = 98B4D278180EFB7A00537145 /* PBXContainerItemProxy */;
		};
/* End PBXTargetDependency section */

/* Begin PBXVariantGroup section */
		98B4D259180EFB7900537145 /* InfoPlist.strings */ = {
			isa = PBXVariantGroup;
			children = (
				98B4D25A180EFB7900537145 /* en */,
			);
			name = InfoPlist.strings;
			sourceTree = "<group>";
		};
		98B4D262180EFB7900537145 /* Main.storyboard */ = {
			isa = PBXVariantGroup;
			children = (
				98B4D263180EFB7900537145 /* Base */,
			);
			name = Main.storyboard;
			sourceTree = "<group>";
		};
		98B4D27D180EFB7A00537145 /* InfoPlist.strings */ = {
			isa = PBXVariantGroup;
			children = (
				98B4D27E180EFB7A00537145 /* en */,
			);
			name = InfoPlist.strings;
			sourceTree = "<group>";
		};
/* End PBXVariantGroup section */

/* Begin XCBuildConfiguration section */
		98B4D282180EFB7A00537145 /* Debug */ = {
			isa = XCBuildConfiguration;
			buildSettings = {
				ALWAYS_SEARCH_USER_PATHS = NO;
				ARCHS = "$(ARCHS_STANDARD_INCLUDING_64_BIT)";
				CLANG_CXX_LANGUAGE_STANDARD = "gnu++0x";
				CLANG_CXX_LIBRARY = "libc++";
				CLANG_ENABLE_MODULES = YES;
				CLANG_ENABLE_OBJC_ARC = YES;
				CLANG_WARN_BOOL_CONVERSION = YES;
				CLANG_WARN_CONSTANT_CONVERSION = YES;
				CLANG_WARN_DIRECT_OBJC_ISA_USAGE = YES_ERROR;
				CLANG_WARN_EMPTY_BODY = YES;
				CLANG_WARN_ENUM_CONVERSION = YES;
				CLANG_WARN_INT_CONVERSION = YES;
				CLANG_WARN_OBJC_ROOT_CLASS = YES_ERROR;
				CLANG_WARN__DUPLICATE_METHOD_MATCH = YES;
				"CODE_SIGN_IDENTITY[sdk=iphoneos*]" = "iPhone Developer";
				COPY_PHASE_STRIP = NO;
				GCC_C_LANGUAGE_STANDARD = gnu99;
				GCC_DYNAMIC_NO_PIC = NO;
				GCC_OPTIMIZATION_LEVEL = 0;
				GCC_PREPROCESSOR_DEFINITIONS = (
					"DEBUG=1",
					"$(inherited)",
				);
				GCC_SYMBOLS_PRIVATE_EXTERN = NO;
				GCC_WARN_64_TO_32_BIT_CONVERSION = YES;
				GCC_WARN_ABOUT_RETURN_TYPE = YES_ERROR;
				GCC_WARN_UNDECLARED_SELECTOR = YES;
				GCC_WARN_UNINITIALIZED_AUTOS = YES;
				GCC_WARN_UNUSED_FUNCTION = YES;
				GCC_WARN_UNUSED_VARIABLE = YES;
				IPHONEOS_DEPLOYMENT_TARGET = 7.0;
				ONLY_ACTIVE_ARCH = YES;
				SDKROOT = iphoneos;
				TARGETED_DEVICE_FAMILY = 2;
			};
			name = Debug;
		};
		98B4D283180EFB7A00537145 /* Release */ = {
			isa = XCBuildConfiguration;
			buildSettings = {
				ALWAYS_SEARCH_USER_PATHS = NO;
				ARCHS = "$(ARCHS_STANDARD_INCLUDING_64_BIT)";
				CLANG_CXX_LANGUAGE_STANDARD = "gnu++0x";
				CLANG_CXX_LIBRARY = "libc++";
				CLANG_ENABLE_MODULES = YES;
				CLANG_ENABLE_OBJC_ARC = YES;
				CLANG_WARN_BOOL_CONVERSION = YES;
				CLANG_WARN_CONSTANT_CONVERSION = YES;
				CLANG_WARN_DIRECT_OBJC_ISA_USAGE = YES_ERROR;
				CLANG_WARN_EMPTY_BODY = YES;
				CLANG_WARN_ENUM_CONVERSION = YES;
				CLANG_WARN_INT_CONVERSION = YES;
				CLANG_WARN_OBJC_ROOT_CLASS = YES_ERROR;
				CLANG_WARN__DUPLICATE_METHOD_MATCH = YES;
				"CODE_SIGN_IDENTITY[sdk=iphoneos*]" = "iPhone Developer";
				COPY_PHASE_STRIP = YES;
				ENABLE_NS_ASSERTIONS = NO;
				GCC_C_LANGUAGE_STANDARD = gnu99;
				GCC_WARN_64_TO_32_BIT_CONVERSION = YES;
				GCC_WARN_ABOUT_RETURN_TYPE = YES_ERROR;
				GCC_WARN_UNDECLARED_SELECTOR = YES;
				GCC_WARN_UNINITIALIZED_AUTOS = YES;
				GCC_WARN_UNUSED_FUNCTION = YES;
				GCC_WARN_UNUSED_VARIABLE = YES;
				IPHONEOS_DEPLOYMENT_TARGET = 7.0;
				SDKROOT = iphoneos;
				TARGETED_DEVICE_FAMILY = 2;
				VALIDATE_PRODUCT = YES;
			};
			name = Release;
		};
		98B4D285180EFB7A00537145 /* Debug */ = {
			isa = XCBuildConfiguration;
			buildSettings = {
				GCC_PRECOMPILE_PREFIX_HEADER = YES;
				GCC_PREFIX_HEADER = "codecan/codecan-Prefix.pch";
				INFOPLIST_FILE = "codecan/codecan-Info.plist";
				PRODUCT_NAME = Onogoro;
				SPRITEKIT_TEXTURE_ATLAS_OUTPUT = YES;
				WRAPPER_EXTENSION = app;
			};
			name = Debug;
		};
		98B4D286180EFB7A00537145 /* Release */ = {
			isa = XCBuildConfiguration;
			buildSettings = {
				GCC_PRECOMPILE_PREFIX_HEADER = YES;
				GCC_PREFIX_HEADER = "codecan/codecan-Prefix.pch";
				INFOPLIST_FILE = "codecan/codecan-Info.plist";
				PRODUCT_NAME = Onogoro;
				SPRITEKIT_TEXTURE_ATLAS_OUTPUT = YES;
				WRAPPER_EXTENSION = app;
			};
			name = Release;
		};
		98B4D288180EFB7A00537145 /* Debug */ = {
			isa = XCBuildConfiguration;
			buildSettings = {
				ARCHS = "$(ARCHS_STANDARD_INCLUDING_64_BIT)";
				BUNDLE_LOADER = "$(BUILT_PRODUCTS_DIR)/codecan.app/codecan";
				FRAMEWORK_SEARCH_PATHS = (
					"$(SDKROOT)/Developer/Library/Frameworks",
					"$(inherited)",
					"$(DEVELOPER_FRAMEWORKS_DIR)",
				);
				GCC_PRECOMPILE_PREFIX_HEADER = YES;
				GCC_PREFIX_HEADER = "codecan/codecan-Prefix.pch";
				GCC_PREPROCESSOR_DEFINITIONS = (
					"DEBUG=1",
					"$(inherited)",
				);
				INFOPLIST_FILE = "codecanTests/codecanTests-Info.plist";
				PRODUCT_NAME = "$(TARGET_NAME)";
				TEST_HOST = "$(BUNDLE_LOADER)";
				WRAPPER_EXTENSION = xctest;
			};
			name = Debug;
		};
		98B4D289180EFB7A00537145 /* Release */ = {
			isa = XCBuildConfiguration;
			buildSettings = {
				ARCHS = "$(ARCHS_STANDARD_INCLUDING_64_BIT)";
				BUNDLE_LOADER = "$(BUILT_PRODUCTS_DIR)/codecan.app/codecan";
				FRAMEWORK_SEARCH_PATHS = (
					"$(SDKROOT)/Developer/Library/Frameworks",
					"$(inherited)",
					"$(DEVELOPER_FRAMEWORKS_DIR)",
				);
				GCC_PRECOMPILE_PREFIX_HEADER = YES;
				GCC_PREFIX_HEADER = "codecan/codecan-Prefix.pch";
				INFOPLIST_FILE = "codecanTests/codecanTests-Info.plist";
				PRODUCT_NAME = "$(TARGET_NAME)";
				TEST_HOST = "$(BUNDLE_LOADER)";
				WRAPPER_EXTENSION = xctest;
			};
			name = Release;
		};
/* End XCBuildConfiguration section */

/* Begin XCConfigurationList section */
		98B4D246180EFB7900537145 /* Build configuration list for PBXProject "codecan" */ = {
			isa = XCConfigurationList;
			buildConfigurations = (
				98B4D282180EFB7A00537145 /* Debug */,
				98B4D283180EFB7A00537145 /* Release */,
			);
			defaultConfigurationIsVisible = 0;
			defaultConfigurationName = Release;
		};
		98B4D284180EFB7A00537145 /* Build configuration list for PBXNativeTarget "codecan" */ = {
			isa = XCConfigurationList;
			buildConfigurations = (
				98B4D285180EFB7A00537145 /* Debug */,
				98B4D286180EFB7A00537145 /* Release */,
			);
			defaultConfigurationIsVisible = 0;
			defaultConfigurationName = Release;
		};
		98B4D287180EFB7A00537145 /* Build configuration list for PBXNativeTarget "codecanTests" */ = {
			isa = XCConfigurationList;
			buildConfigurations = (
				98B4D288180EFB7A00537145 /* Debug */,
				98B4D289180EFB7A00537145 /* Release */,
			);
			defaultConfigurationIsVisible = 0;
			defaultConfigurationName = Release;
		};
/* End XCConfigurationList section */
	};
	rootObject = 98B4D243180EFB7900537145 /* Project object */;
}
